
Microsoft Visual Studio Solution File, Format Version 12.00
# Visual Studio Version 17
VisualStudioVersion = 17.1.32421.90
MinimumVisualStudioVersion = 10.0.40219.1
Project("{9A19103F-16F7-4668-BE54-9A1E7A4F7556}") = "VendingMachine.UI", "VendingMachine.UI\VendingMachine.UI.csproj", "{87DAF7A6-8D7F-4827-961A-65E6F414ED00}"
EndProject
Project("{FAE04EC0-301F-11D3-BF4B-00C04F79EFBC}") = "VendingMachine.Models", "VendingMachine.Models\VendingMachine.Models.csproj", "{40F54874-0DA6-4775-9D90-18BBBFEC7688}"
EndProject
Project("{FAE04EC0-301F-11D3-BF4B-00C04F79EFBC}") = "VendingMachine.Tests", "VendingMachine.Tests\VendingMachine.Tests.csproj", "{2E27C15A-1E0A-4A6C-8E6C-88356F762988}"
EndProject
Global
	GlobalSection(SolutionConfigurationPlatforms) = preSolution
		Debug|Any CPU = Debug|Any CPU
		Release|Any CPU = Release|Any CPU
	EndGlobalSection
	GlobalSection(ProjectConfigurationPlatforms) = postSolution
		{87DAF7A6-8D7F-4827-961A-65E6F414ED00}.Debug|Any CPU.ActiveCfg = Debug|Any CPU
		{87DAF7A6-8D7F-4827-961A-65E6F414ED00}.Debug|Any CPU.Build.0 = Debug|Any CPU
		{87DAF7A6-8D7F-4827-961A-65E6F414ED00}.Release|Any CPU.ActiveCfg = Release|Any CPU
		{87DAF7A6-8D7F-4827-961A-65E6F414ED00}.Release|Any CPU.Build.0 = Release|Any CPU
		{40F54874-0DA6-4775-9D90-18BBBFEC7688}.Debug|Any CPU.ActiveCfg = Debug|Any CPU
		{40F54874-0DA6-4775-9D90-18BBBFEC7688}.Debug|Any CPU.Build.0 = Debug|Any CPU
		{40F54874-0DA6-4775-9D90-18BBBFEC7688}.Release|Any CPU.ActiveCfg = Release|Any CPU
		{40F54874-0DA6-4775-9D90-18BBBFEC7688}.Release|Any CPU.Build.0 = Release|Any CPU
		{2E27C15A-1E0A-4A6C-8E6C-88356F762988}.Debug|Any CPU.ActiveCfg = Debug|Any CPU
		{2E27C15A-1E0A-4A6C-8E6C-88356F762988}.Debug|Any CPU.Build.0 = Debug|Any CPU
		{2E27C15A-1E0A-4A6C-8E6C-88356F762988}.Release|Any CPU.ActiveCfg = Release|Any CPU
		{2E27C15A-1E0A-4A6C-8E6C-88356F762988}.Release|Any CPU.Build.0 = Release|Any CPU
	EndGlobalSection
	GlobalSection(SolutionProperties) = preSolution
		HideSolutionNode = FALSE
	EndGlobalSection
	GlobalSection(ExtensibilityGlobals) = postSolution
		SolutionGuid = {DF147749-CD8D-44EC-82AC-3AF0CCAB4408}
	EndGlobalSection
EndGlobal
